
Microsoft Visual Studio Solution File, Format Version 12.00
# Visual Studio Version 17
VisualStudioVersion = 17.14.36414.22
MinimumVisualStudioVersion = 10.0.40219.1
Project("{FAE04EC0-301F-11D3-BF4B-00C04F79EFBC}") = "Course", "Course\Course.csproj", "{CA556B98-1FBC-455D-9B46-9765E93E18A5}"
EndProject
Project("{FAE04EC0-301F-11D3-BF4B-00C04F79EFBC}") = "Course2", "Course2\Course2.csproj", "{63C87AA5-D7AD-4159-9DEB-F010E61B95EA}"
EndProject
Global
	GlobalSection(SolutionConfigurationPlatforms) = preSolution
		Debug|Any CPU = Debug|Any CPU
		Release|Any CPU = Release|Any CPU
	EndGlobalSection
	GlobalSection(ProjectConfigurationPlatforms) = postSolution
		{CA556B98-1FBC-455D-9B46-9765E93E18A5}.Debug|Any CPU.ActiveCfg = Debug|Any CPU
		{CA556B98-1FBC-455D-9B46-9765E93E18A5}.Debug|Any CPU.Build.0 = Debug|Any CPU
		{CA556B98-1FBC-455D-9B46-9765E93E18A5}.Release|Any CPU.ActiveCfg = Release|Any CPU
		{CA556B98-1FBC-455D-9B46-9765E93E18A5}.Release|Any CPU.Build.0 = Release|Any CPU
		{63C87AA5-D7AD-4159-9DEB-F010E61B95EA}.Debug|Any CPU.ActiveCfg = Debug|Any CPU
		{63C87AA5-D7AD-4159-9DEB-F010E61B95EA}.Debug|Any CPU.Build.0 = Debug|Any CPU
		{63C87AA5-D7AD-4159-9DEB-F010E61B95EA}.Release|Any CPU.ActiveCfg = Release|Any CPU
		{63C87AA5-D7AD-4159-9DEB-F010E61B95EA}.Release|Any CPU.Build.0 = Release|Any CPU
	EndGlobalSection
	GlobalSection(SolutionProperties) = preSolution
		HideSolutionNode = FALSE
	EndGlobalSection
	GlobalSection(ExtensibilityGlobals) = postSolution
		SolutionGuid = {245983C3-481C-449E-915A-27ED1EBCF3B5}
	EndGlobalSection
EndGlobal
